
Microsoft Visual Studio Solution File, Format Version 12.00
# Visual Studio Version 16
VisualStudioVersion = 16.0.29020.237
MinimumVisualStudioVersion = 10.0.40219.1
Project("{2150E333-8FDC-42A3-9474-1A3956D46DE8}") = "src", "src", "{0BC626DA-37DB-4642-A75A-9C19414AD623}"
EndProject
Project("{2150E333-8FDC-42A3-9474-1A3956D46DE8}") = "tests", "tests", "{110FA1CC-C7F1-4861-A83E-E3C887CB1E15}"
EndProject
Project("{2150E333-8FDC-42A3-9474-1A3956D46DE8}") = "SPA", "SPA", "{1A6FD58C-4BAB-4089-A36D-B0299197E02E}"
EndProject
Project("{9A19103F-16F7-4668-BE54-9A1E7A4F7556}") = "ApplicationCore", "src\ApplicationCore\ApplicationCore.csproj", "{DAE208C9-EF36-4060-B1D0-1CF3710909E7}"
EndProject
Project("{9A19103F-16F7-4668-BE54-9A1E7A4F7556}") = "Infrastructure", "src\Infrastructure\Infrastructure.csproj", "{8D16AA64-1575-4CC1-8D30-C196150D6112}"
EndProject
Project("{9A19103F-16F7-4668-BE54-9A1E7A4F7556}") = "WebApi", "src\WebApi\WebApi.csproj", "{B2642549-9922-45CE-90F3-F9845B0B7DBF}"
EndProject
Project("{9A19103F-16F7-4668-BE54-9A1E7A4F7556}") = "UnitTests", "tests\UnitTests\UnitTests.csproj", "{1932381A-CC5E-4AC5-B1DD-FCC58B94F5E1}"
EndProject
Global
	GlobalSection(SolutionConfigurationPlatforms) = preSolution
		Debug|Any CPU = Debug|Any CPU
		Debug|x64 = Debug|x64
		Release|Any CPU = Release|Any CPU
		Release|x64 = Release|x64
	EndGlobalSection
	GlobalSection(ProjectConfigurationPlatforms) = postSolution
		{DAE208C9-EF36-4060-B1D0-1CF3710909E7}.Debug|Any CPU.ActiveCfg = Debug|Any CPU
		{DAE208C9-EF36-4060-B1D0-1CF3710909E7}.Debug|Any CPU.Build.0 = Debug|Any CPU
		{DAE208C9-EF36-4060-B1D0-1CF3710909E7}.Debug|x64.ActiveCfg = Debug|Any CPU
		{DAE208C9-EF36-4060-B1D0-1CF3710909E7}.Debug|x64.Build.0 = Debug|Any CPU
		{DAE208C9-EF36-4060-B1D0-1CF3710909E7}.Release|Any CPU.ActiveCfg = Release|Any CPU
		{DAE208C9-EF36-4060-B1D0-1CF3710909E7}.Release|Any CPU.Build.0 = Release|Any CPU
		{DAE208C9-EF36-4060-B1D0-1CF3710909E7}.Release|x64.ActiveCfg = Release|Any CPU
		{DAE208C9-EF36-4060-B1D0-1CF3710909E7}.Release|x64.Build.0 = Release|Any CPU
		{8D16AA64-1575-4CC1-8D30-C196150D6112}.Debug|Any CPU.ActiveCfg = Debug|Any CPU
		{8D16AA64-1575-4CC1-8D30-C196150D6112}.Debug|Any CPU.Build.0 = Debug|Any CPU
		{8D16AA64-1575-4CC1-8D30-C196150D6112}.Debug|x64.ActiveCfg = Debug|Any CPU
		{8D16AA64-1575-4CC1-8D30-C196150D6112}.Debug|x64.Build.0 = Debug|Any CPU
		{8D16AA64-1575-4CC1-8D30-C196150D6112}.Release|Any CPU.ActiveCfg = Release|Any CPU
		{8D16AA64-1575-4CC1-8D30-C196150D6112}.Release|Any CPU.Build.0 = Release|Any CPU
		{8D16AA64-1575-4CC1-8D30-C196150D6112}.Release|x64.ActiveCfg = Release|Any CPU
		{8D16AA64-1575-4CC1-8D30-C196150D6112}.Release|x64.Build.0 = Release|Any CPU
		{B2642549-9922-45CE-90F3-F9845B0B7DBF}.Debug|Any CPU.ActiveCfg = Debug|Any CPU
		{B2642549-9922-45CE-90F3-F9845B0B7DBF}.Debug|Any CPU.Build.0 = Debug|Any CPU
		{B2642549-9922-45CE-90F3-F9845B0B7DBF}.Debug|x64.ActiveCfg = Debug|Any CPU
		{B2642549-9922-45CE-90F3-F9845B0B7DBF}.Debug|x64.Build.0 = Debug|Any CPU
		{B2642549-9922-45CE-90F3-F9845B0B7DBF}.Release|Any CPU.ActiveCfg = Release|Any CPU
		{B2642549-9922-45CE-90F3-F9845B0B7DBF}.Release|Any CPU.Build.0 = Release|Any CPU
		{B2642549-9922-45CE-90F3-F9845B0B7DBF}.Release|x64.ActiveCfg = Release|Any CPU
		{B2642549-9922-45CE-90F3-F9845B0B7DBF}.Release|x64.Build.0 = Release|Any CPU
		{1932381A-CC5E-4AC5-B1DD-FCC58B94F5E1}.Debug|Any CPU.ActiveCfg = Debug|Any CPU
		{1932381A-CC5E-4AC5-B1DD-FCC58B94F5E1}.Debug|Any CPU.Build.0 = Debug|Any CPU
		{1932381A-CC5E-4AC5-B1DD-FCC58B94F5E1}.Debug|x64.ActiveCfg = Debug|Any CPU
		{1932381A-CC5E-4AC5-B1DD-FCC58B94F5E1}.Debug|x64.Build.0 = Debug|Any CPU
		{1932381A-CC5E-4AC5-B1DD-FCC58B94F5E1}.Release|Any CPU.ActiveCfg = Release|Any CPU
		{1932381A-CC5E-4AC5-B1DD-FCC58B94F5E1}.Release|Any CPU.Build.0 = Release|Any CPU
		{1932381A-CC5E-4AC5-B1DD-FCC58B94F5E1}.Release|x64.ActiveCfg = Release|Any CPU
		{1932381A-CC5E-4AC5-B1DD-FCC58B94F5E1}.Release|x64.Build.0 = Release|Any CPU
	EndGlobalSection
	GlobalSection(SolutionProperties) = preSolution
		HideSolutionNode = FALSE
	EndGlobalSection
	GlobalSection(NestedProjects) = preSolution
		{1A6FD58C-4BAB-4089-A36D-B0299197E02E} = {0BC626DA-37DB-4642-A75A-9C19414AD623}
		{DAE208C9-EF36-4060-B1D0-1CF3710909E7} = {0BC626DA-37DB-4642-A75A-9C19414AD623}
		{8D16AA64-1575-4CC1-8D30-C196150D6112} = {0BC626DA-37DB-4642-A75A-9C19414AD623}
		{B2642549-9922-45CE-90F3-F9845B0B7DBF} = {0BC626DA-37DB-4642-A75A-9C19414AD623}
		{1932381A-CC5E-4AC5-B1DD-FCC58B94F5E1} = {110FA1CC-C7F1-4861-A83E-E3C887CB1E15}
	EndGlobalSection
	GlobalSection(ExtensibilityGlobals) = postSolution
		SolutionGuid = {E7B30F90-F52D-4989-9A3F-97F7AB56E80A}
	EndGlobalSection
EndGlobal
