
Microsoft Visual Studio Solution File, Format Version 12.00
# Visual Studio Version 16
VisualStudioVersion = 16.0.29020.237
MinimumVisualStudioVersion = 10.0.40219.1
Project("{9A19103F-16F7-4668-BE54-9A1E7A4F7556}") = "WebApi", "WebApi\WebApi.csproj", "{2A32A285-4A12-497E-AF00-E084CD9899CD}"
EndProject
Project("{9A19103F-16F7-4668-BE54-9A1E7A4F7556}") = "ApplicationCore", "ApplicationCore\ApplicationCore.csproj", "{CE1D5D7A-FD9C-4DA9-8B34-E2F3067EBD50}"
EndProject
Project("{9A19103F-16F7-4668-BE54-9A1E7A4F7556}") = "Infrastructure", "Infrastructure\Infrastructure.csproj", "{176DEA82-C1B5-4BBA-AD6E-07549BBE51FE}"
EndProject
Project("{2150E333-8FDC-42A3-9474-1A3956D46DE8}") = "src", "src", "{0BC626DA-37DB-4642-A75A-9C19414AD623}"
EndProject
Project("{2150E333-8FDC-42A3-9474-1A3956D46DE8}") = "tests", "tests", "{110FA1CC-C7F1-4861-A83E-E3C887CB1E15}"
EndProject
Project("{9A19103F-16F7-4668-BE54-9A1E7A4F7556}") = "UnitTests", "UnitTests\UnitTests.csproj", "{DD631424-C512-48AE-89D1-D1F0BC8D75F4}"
EndProject
Project("{FAE04EC0-301F-11D3-BF4B-00C04F79EFBC}") = "IntegrationTests", "IntegrationTests\IntegrationTests.csproj", "{65844641-8D97-4799-9673-5283859E892F}"
EndProject
Project("{2150E333-8FDC-42A3-9474-1A3956D46DE8}") = "SPA", "SPA", "{1A6FD58C-4BAB-4089-A36D-B0299197E02E}"
EndProject
Global
	GlobalSection(SolutionConfigurationPlatforms) = preSolution
		Debug|Any CPU = Debug|Any CPU
		Release|Any CPU = Release|Any CPU
	EndGlobalSection
	GlobalSection(ProjectConfigurationPlatforms) = postSolution
		{2A32A285-4A12-497E-AF00-E084CD9899CD}.Debug|Any CPU.ActiveCfg = Debug|Any CPU
		{2A32A285-4A12-497E-AF00-E084CD9899CD}.Debug|Any CPU.Build.0 = Debug|Any CPU
		{2A32A285-4A12-497E-AF00-E084CD9899CD}.Release|Any CPU.ActiveCfg = Release|Any CPU
		{2A32A285-4A12-497E-AF00-E084CD9899CD}.Release|Any CPU.Build.0 = Release|Any CPU
		{CE1D5D7A-FD9C-4DA9-8B34-E2F3067EBD50}.Debug|Any CPU.ActiveCfg = Debug|Any CPU
		{CE1D5D7A-FD9C-4DA9-8B34-E2F3067EBD50}.Debug|Any CPU.Build.0 = Debug|Any CPU
		{CE1D5D7A-FD9C-4DA9-8B34-E2F3067EBD50}.Release|Any CPU.ActiveCfg = Release|Any CPU
		{CE1D5D7A-FD9C-4DA9-8B34-E2F3067EBD50}.Release|Any CPU.Build.0 = Release|Any CPU
		{176DEA82-C1B5-4BBA-AD6E-07549BBE51FE}.Debug|Any CPU.ActiveCfg = Debug|Any CPU
		{176DEA82-C1B5-4BBA-AD6E-07549BBE51FE}.Debug|Any CPU.Build.0 = Debug|Any CPU
		{176DEA82-C1B5-4BBA-AD6E-07549BBE51FE}.Release|Any CPU.ActiveCfg = Release|Any CPU
		{176DEA82-C1B5-4BBA-AD6E-07549BBE51FE}.Release|Any CPU.Build.0 = Release|Any CPU
		{DD631424-C512-48AE-89D1-D1F0BC8D75F4}.Debug|Any CPU.ActiveCfg = Debug|Any CPU
		{DD631424-C512-48AE-89D1-D1F0BC8D75F4}.Debug|Any CPU.Build.0 = Debug|Any CPU
		{DD631424-C512-48AE-89D1-D1F0BC8D75F4}.Release|Any CPU.ActiveCfg = Release|Any CPU
		{DD631424-C512-48AE-89D1-D1F0BC8D75F4}.Release|Any CPU.Build.0 = Release|Any CPU
		{65844641-8D97-4799-9673-5283859E892F}.Debug|Any CPU.ActiveCfg = Debug|Any CPU
		{65844641-8D97-4799-9673-5283859E892F}.Debug|Any CPU.Build.0 = Debug|Any CPU
		{65844641-8D97-4799-9673-5283859E892F}.Release|Any CPU.ActiveCfg = Release|Any CPU
		{65844641-8D97-4799-9673-5283859E892F}.Release|Any CPU.Build.0 = Release|Any CPU
	EndGlobalSection
	GlobalSection(SolutionProperties) = preSolution
		HideSolutionNode = FALSE
	EndGlobalSection
	GlobalSection(NestedProjects) = preSolution
		{2A32A285-4A12-497E-AF00-E084CD9899CD} = {0BC626DA-37DB-4642-A75A-9C19414AD623}
		{CE1D5D7A-FD9C-4DA9-8B34-E2F3067EBD50} = {0BC626DA-37DB-4642-A75A-9C19414AD623}
		{176DEA82-C1B5-4BBA-AD6E-07549BBE51FE} = {0BC626DA-37DB-4642-A75A-9C19414AD623}
		{DD631424-C512-48AE-89D1-D1F0BC8D75F4} = {110FA1CC-C7F1-4861-A83E-E3C887CB1E15}
		{65844641-8D97-4799-9673-5283859E892F} = {110FA1CC-C7F1-4861-A83E-E3C887CB1E15}
		{1A6FD58C-4BAB-4089-A36D-B0299197E02E} = {0BC626DA-37DB-4642-A75A-9C19414AD623}
	EndGlobalSection
	GlobalSection(ExtensibilityGlobals) = postSolution
		SolutionGuid = {E7B30F90-F52D-4989-9A3F-97F7AB56E80A}
	EndGlobalSection
EndGlobal
